{
  "name": "bcn_rainfall_frontend",
  "version": "1.0.0",
  "lockfileVersion": 3,
  "requires": true,
  "packages": {
    "": {
      "name": "bcn_rainfall_frontend",
      "version": "1.0.0",
      "license": "MIT",
      "devDependencies": {
        "@types/plotly.js": "^3.0.2",
        "typescript": "^5.8.3"
      }
    },
    "node_modules/@types/plotly.js": {
      "version": "3.0.2",
      "resolved": "https://registry.npmjs.org/@types/plotly.js/-/plotly.js-3.0.2.tgz",
      "integrity": "sha512-84eSnXD5gTM36iaOv3/4cduF2X0eptMnK9CcghH56A4uhSiFjAIgqhFGmdq+0yDh2jLQzL1s34CsBU5KD3MvPA==",
      "dev": true,
      "license": "MIT"
    },
    "node_modules/typescript": {
      "version": "5.8.3",
      "resolved": "https://registry.npmjs.org/typescript/-/typescript-5.8.3.tgz",
      "integrity": "sha512-p1diW6TqL9L07nNxvRMM7hMMw4c5XOo/1ibL4aAIGmSAt9slTE1Xgw5KWuof2uTOvCg9BY7ZRi+GaF+7sfgPeQ==",
      "dev": true,
      "license": "Apache-2.0",
      "bin": {
        "tsc": "bin/tsc",
        "tsserver": "bin/tsserver"
      },
      "engines": {
        "node": ">=14.17"
      }
    }
  }
}
